
Microsoft Visual Studio Solution File, Format Version 12.00
# Visual Studio 15
VisualStudioVersion = 15.0.26730.16
MinimumVisualStudioVersion = 10.0.40219.1
Project("{F184B08F-C81C-45F6-A57F-5ABD9991F28F}") = "WindowsApp1", "WindowsApp1\WindowsApp1.vbproj", "{BCB468C4-0470-402C-8607-1BC315E2B41C}"
EndProject
Global
	GlobalSection(SolutionConfigurationPlatforms) = preSolution
		Debug|Any CPU = Debug|Any CPU
		Release|Any CPU = Release|Any CPU
	EndGlobalSection
	GlobalSection(ProjectConfigurationPlatforms) = postSolution
		{BCB468C4-0470-402C-8607-1BC315E2B41C}.Debug|Any CPU.ActiveCfg = Debug|Any CPU
		{BCB468C4-0470-402C-8607-1BC315E2B41C}.Debug|Any CPU.Build.0 = Debug|Any CPU
		{BCB468C4-0470-402C-8607-1BC315E2B41C}.Release|Any CPU.ActiveCfg = Release|Any CPU
		{BCB468C4-0470-402C-8607-1BC315E2B41C}.Release|Any CPU.Build.0 = Release|Any CPU
	EndGlobalSection
	GlobalSection(SolutionProperties) = preSolution
		HideSolutionNode = FALSE
	EndGlobalSection
	GlobalSection(ExtensibilityGlobals) = postSolution
		SolutionGuid = {94518F7B-4D14-44C6-82BE-F8E6BE57D662}
	EndGlobalSection
EndGlobal
