
Microsoft Visual Studio Solution File, Format Version 12.00
# Visual Studio 15
VisualStudioVersion = 15.0.26730.16
MinimumVisualStudioVersion = 10.0.40219.1
Project("{F184B08F-C81C-45F6-A57F-5ABD9991F28F}") = "Print to file", "Print to file\Print to file.vbproj", "{4D7B4463-C651-4F80-BD53-85A5EC6508FD}"
EndProject
Global
	GlobalSection(SolutionConfigurationPlatforms) = preSolution
		Debug|Any CPU = Debug|Any CPU
		Release|Any CPU = Release|Any CPU
	EndGlobalSection
	GlobalSection(ProjectConfigurationPlatforms) = postSolution
		{4D7B4463-C651-4F80-BD53-85A5EC6508FD}.Debug|Any CPU.ActiveCfg = Debug|Any CPU
		{4D7B4463-C651-4F80-BD53-85A5EC6508FD}.Debug|Any CPU.Build.0 = Debug|Any CPU
		{4D7B4463-C651-4F80-BD53-85A5EC6508FD}.Release|Any CPU.ActiveCfg = Release|Any CPU
		{4D7B4463-C651-4F80-BD53-85A5EC6508FD}.Release|Any CPU.Build.0 = Release|Any CPU
	EndGlobalSection
	GlobalSection(SolutionProperties) = preSolution
		HideSolutionNode = FALSE
	EndGlobalSection
	GlobalSection(ExtensibilityGlobals) = postSolution
		SolutionGuid = {76CE629A-4835-4836-865D-BF02BA3F4FFE}
	EndGlobalSection
EndGlobal
