
Microsoft Visual Studio Solution File, Format Version 12.00
# Visual Studio 15
VisualStudioVersion = 15.0.26730.16
MinimumVisualStudioVersion = 10.0.40219.1
Project("{F184B08F-C81C-45F6-A57F-5ABD9991F28F}") = "WindowsApp1", "WindowsApp1\WindowsApp1.vbproj", "{8471CFF4-9C56-49DA-BF96-2DE42766491D}"
EndProject
Global
	GlobalSection(SolutionConfigurationPlatforms) = preSolution
		Debug|Any CPU = Debug|Any CPU
		Release|Any CPU = Release|Any CPU
	EndGlobalSection
	GlobalSection(ProjectConfigurationPlatforms) = postSolution
		{8471CFF4-9C56-49DA-BF96-2DE42766491D}.Debug|Any CPU.ActiveCfg = Debug|Any CPU
		{8471CFF4-9C56-49DA-BF96-2DE42766491D}.Debug|Any CPU.Build.0 = Debug|Any CPU
		{8471CFF4-9C56-49DA-BF96-2DE42766491D}.Release|Any CPU.ActiveCfg = Release|Any CPU
		{8471CFF4-9C56-49DA-BF96-2DE42766491D}.Release|Any CPU.Build.0 = Release|Any CPU
	EndGlobalSection
	GlobalSection(SolutionProperties) = preSolution
		HideSolutionNode = FALSE
	EndGlobalSection
	GlobalSection(ExtensibilityGlobals) = postSolution
		SolutionGuid = {2904B81E-FA5F-49F0-81B1-B3E1395D37D9}
	EndGlobalSection
EndGlobal
