
Microsoft Visual Studio Solution File, Format Version 12.00
# Visual Studio 15
VisualStudioVersion = 15.0.26730.16
MinimumVisualStudioVersion = 10.0.40219.1
Project("{F184B08F-C81C-45F6-A57F-5ABD9991F28F}") = "WindowsApp1", "WindowsApp1\WindowsApp1.vbproj", "{C4080D9F-E210-45A4-9563-BE513365F7D1}"
EndProject
Global
	GlobalSection(SolutionConfigurationPlatforms) = preSolution
		Debug|Any CPU = Debug|Any CPU
		Release|Any CPU = Release|Any CPU
	EndGlobalSection
	GlobalSection(ProjectConfigurationPlatforms) = postSolution
		{C4080D9F-E210-45A4-9563-BE513365F7D1}.Debug|Any CPU.ActiveCfg = Debug|Any CPU
		{C4080D9F-E210-45A4-9563-BE513365F7D1}.Debug|Any CPU.Build.0 = Debug|Any CPU
		{C4080D9F-E210-45A4-9563-BE513365F7D1}.Release|Any CPU.ActiveCfg = Release|Any CPU
		{C4080D9F-E210-45A4-9563-BE513365F7D1}.Release|Any CPU.Build.0 = Release|Any CPU
	EndGlobalSection
	GlobalSection(SolutionProperties) = preSolution
		HideSolutionNode = FALSE
	EndGlobalSection
	GlobalSection(ExtensibilityGlobals) = postSolution
		SolutionGuid = {ACCC5B10-B8B9-4BB2-B711-EC0CC0387951}
	EndGlobalSection
EndGlobal
